
Microsoft Visual Studio Solution File, Format Version 12.00
# Visual Studio Version 16
VisualStudioVersion = 16.0.30523.141
MinimumVisualStudioVersion = 10.0.40219.1
Project("{FAE04EC0-301F-11D3-BF4B-00C04F79EFBC}") = "YazilimMimarisiDonemOdevi", "YazilimMimarisiDonemOdevi\YazilimMimarisiDonemOdevi.csproj", "{927E8AAA-D06F-41E7-821C-717CE8EF7B95}"
EndProject
Global
	GlobalSection(SolutionConfigurationPlatforms) = preSolution
		Debug|Any CPU = Debug|Any CPU
		Release|Any CPU = Release|Any CPU
	EndGlobalSection
	GlobalSection(ProjectConfigurationPlatforms) = postSolution
		{927E8AAA-D06F-41E7-821C-717CE8EF7B95}.Debug|Any CPU.ActiveCfg = Debug|Any CPU
		{927E8AAA-D06F-41E7-821C-717CE8EF7B95}.Debug|Any CPU.Build.0 = Debug|Any CPU
		{927E8AAA-D06F-41E7-821C-717CE8EF7B95}.Release|Any CPU.ActiveCfg = Release|Any CPU
		{927E8AAA-D06F-41E7-821C-717CE8EF7B95}.Release|Any CPU.Build.0 = Release|Any CPU
	EndGlobalSection
	GlobalSection(SolutionProperties) = preSolution
		HideSolutionNode = FALSE
	EndGlobalSection
	GlobalSection(ExtensibilityGlobals) = postSolution
		SolutionGuid = {8559F9F6-88E9-4F56-83FD-DD8E97CDC0B8}
	EndGlobalSection
EndGlobal
